
Microsoft Visual Studio Solution File, Format Version 12.00
# Visual Studio Version 17
VisualStudioVersion = 17.0.31903.59
MinimumVisualStudioVersion = 10.0.40219.1
Project("{FAE04EC0-301F-11D3-BF4B-00C04F79EFBC}") = "OriginalSDK", "OriginalSDK\OriginalSDK.csproj", "{58194259-6552-4543-A858-A043730E18E8}"
EndProject
Project("{FAE04EC0-301F-11D3-BF4B-00C04F79EFBC}") = "OriginalSDK.Tests.ConsoleApp", "OriginalSDK.Tests.ConsoleApp\OriginalSDK.Tests.ConsoleApp.csproj", "{FD687ED9-BFB0-496C-A51E-4CE0CF593B26}"
EndProject
Project("{FAE04EC0-301F-11D3-BF4B-00C04F79EFBC}") = "OriginalSDK.Tests.Unit", "OriginalSDK.Tests.Unit\OriginalSDK.Tests.Unit.csproj", "{F2C39C92-327B-4528-8FA0-59084CC46203}"
EndProject
Project("{FAE04EC0-301F-11D3-BF4B-00C04F79EFBC}") = "OriginalSDK.Tests.E2E", "OriginalSDK.Tests.E2E\OriginalSDK.Tests.E2E.csproj", "{EEC91260-4CC4-4A4D-80EE-9F3B88999DB3}"
EndProject
Global
	GlobalSection(SolutionConfigurationPlatforms) = preSolution
		Debug|Any CPU = Debug|Any CPU
		Release|Any CPU = Release|Any CPU
	EndGlobalSection
	GlobalSection(SolutionProperties) = preSolution
		HideSolutionNode = FALSE
	EndGlobalSection
	GlobalSection(ProjectConfigurationPlatforms) = postSolution
		{58194259-6552-4543-A858-A043730E18E8}.Debug|Any CPU.ActiveCfg = Debug|Any CPU
		{58194259-6552-4543-A858-A043730E18E8}.Debug|Any CPU.Build.0 = Debug|Any CPU
		{58194259-6552-4543-A858-A043730E18E8}.Release|Any CPU.ActiveCfg = Release|Any CPU
		{58194259-6552-4543-A858-A043730E18E8}.Release|Any CPU.Build.0 = Release|Any CPU
		{FD687ED9-BFB0-496C-A51E-4CE0CF593B26}.Debug|Any CPU.ActiveCfg = Debug|Any CPU
		{FD687ED9-BFB0-496C-A51E-4CE0CF593B26}.Debug|Any CPU.Build.0 = Debug|Any CPU
		{FD687ED9-BFB0-496C-A51E-4CE0CF593B26}.Release|Any CPU.ActiveCfg = Release|Any CPU
		{FD687ED9-BFB0-496C-A51E-4CE0CF593B26}.Release|Any CPU.Build.0 = Release|Any CPU
		{F2C39C92-327B-4528-8FA0-59084CC46203}.Debug|Any CPU.ActiveCfg = Debug|Any CPU
		{F2C39C92-327B-4528-8FA0-59084CC46203}.Debug|Any CPU.Build.0 = Debug|Any CPU
		{F2C39C92-327B-4528-8FA0-59084CC46203}.Release|Any CPU.ActiveCfg = Release|Any CPU
		{F2C39C92-327B-4528-8FA0-59084CC46203}.Release|Any CPU.Build.0 = Release|Any CPU
		{EEC91260-4CC4-4A4D-80EE-9F3B88999DB3}.Debug|Any CPU.ActiveCfg = Debug|Any CPU
		{EEC91260-4CC4-4A4D-80EE-9F3B88999DB3}.Debug|Any CPU.Build.0 = Debug|Any CPU
		{EEC91260-4CC4-4A4D-80EE-9F3B88999DB3}.Release|Any CPU.ActiveCfg = Release|Any CPU
		{EEC91260-4CC4-4A4D-80EE-9F3B88999DB3}.Release|Any CPU.Build.0 = Release|Any CPU
	EndGlobalSection
EndGlobal
